
Microsoft Visual Studio Solution File, Format Version 12.00
# Visual Studio Version 17
VisualStudioVersion = 17.7.34024.191
MinimumVisualStudioVersion = 10.0.40219.1
Project("{8BC9CEB8-8B4A-11D0-8D11-00A0C91BC942}") = "Lab12.3(2)", "Lab12.3(2)\Lab12.3(2).vcxproj", "{76767712-31D9-4826-8C25-BAB4ED6D7B27}"
EndProject
Project("{8BC9CEB8-8B4A-11D0-8D11-00A0C91BC942}") = "UnitTest1", "UnitTest1\UnitTest1.vcxproj", "{9EF184F0-4658-4204-8545-191336AE49A5}"
EndProject
Global
	GlobalSection(SolutionConfigurationPlatforms) = preSolution
		Debug|x64 = Debug|x64
		Debug|x86 = Debug|x86
		Release|x64 = Release|x64
		Release|x86 = Release|x86
	EndGlobalSection
	GlobalSection(ProjectConfigurationPlatforms) = postSolution
		{76767712-31D9-4826-8C25-BAB4ED6D7B27}.Debug|x64.ActiveCfg = Debug|x64
		{76767712-31D9-4826-8C25-BAB4ED6D7B27}.Debug|x64.Build.0 = Debug|x64
		{76767712-31D9-4826-8C25-BAB4ED6D7B27}.Debug|x86.ActiveCfg = Debug|Win32
		{76767712-31D9-4826-8C25-BAB4ED6D7B27}.Debug|x86.Build.0 = Debug|Win32
		{76767712-31D9-4826-8C25-BAB4ED6D7B27}.Release|x64.ActiveCfg = Release|x64
		{76767712-31D9-4826-8C25-BAB4ED6D7B27}.Release|x64.Build.0 = Release|x64
		{76767712-31D9-4826-8C25-BAB4ED6D7B27}.Release|x86.ActiveCfg = Release|Win32
		{76767712-31D9-4826-8C25-BAB4ED6D7B27}.Release|x86.Build.0 = Release|Win32
		{9EF184F0-4658-4204-8545-191336AE49A5}.Debug|x64.ActiveCfg = Debug|x64
		{9EF184F0-4658-4204-8545-191336AE49A5}.Debug|x64.Build.0 = Debug|x64
		{9EF184F0-4658-4204-8545-191336AE49A5}.Debug|x86.ActiveCfg = Debug|Win32
		{9EF184F0-4658-4204-8545-191336AE49A5}.Debug|x86.Build.0 = Debug|Win32
		{9EF184F0-4658-4204-8545-191336AE49A5}.Release|x64.ActiveCfg = Release|x64
		{9EF184F0-4658-4204-8545-191336AE49A5}.Release|x64.Build.0 = Release|x64
		{9EF184F0-4658-4204-8545-191336AE49A5}.Release|x86.ActiveCfg = Release|Win32
		{9EF184F0-4658-4204-8545-191336AE49A5}.Release|x86.Build.0 = Release|Win32
	EndGlobalSection
	GlobalSection(SolutionProperties) = preSolution
		HideSolutionNode = FALSE
	EndGlobalSection
	GlobalSection(ExtensibilityGlobals) = postSolution
		SolutionGuid = {514D6510-F976-469F-A80E-F024234F6AE2}
	EndGlobalSection
EndGlobal
